
Microsoft Visual Studio Solution File, Format Version 12.00
# Visual Studio Version 17
VisualStudioVersion = 17.0.31717.71
MinimumVisualStudioVersion = 10.0.40219.1
Project("{9A19103F-16F7-4668-BE54-9A1E7A4F7556}") = "Focus.UI", "Focus.UI.csproj", "{9908D35B-5227-4D06-B122-B356963952F8}"
EndProject
Global
	GlobalSection(SolutionConfigurationPlatforms) = preSolution
		Debug|Any CPU = Debug|Any CPU
		Release|Any CPU = Release|Any CPU
	EndGlobalSection
	GlobalSection(ProjectConfigurationPlatforms) = postSolution
		{9908D35B-5227-4D06-B122-B356963952F8}.Debug|Any CPU.ActiveCfg = Debug|Any CPU
		{9908D35B-5227-4D06-B122-B356963952F8}.Debug|Any CPU.Build.0 = Debug|Any CPU
		{9908D35B-5227-4D06-B122-B356963952F8}.Release|Any CPU.ActiveCfg = Release|Any CPU
		{9908D35B-5227-4D06-B122-B356963952F8}.Release|Any CPU.Build.0 = Release|Any CPU
	EndGlobalSection
	GlobalSection(SolutionProperties) = preSolution
		HideSolutionNode = FALSE
	EndGlobalSection
	GlobalSection(ExtensibilityGlobals) = postSolution
		SolutionGuid = {17FA20CE-EBC7-45DC-B210-C5FB6B0C43B3}
	EndGlobalSection
EndGlobal