
Microsoft Visual Studio Solution File, Format Version 12.00
# Visual Studio Version 17
VisualStudioVersion = 17.6.33829.357
MinimumVisualStudioVersion = 10.0.40219.1
Project("{9A19103F-16F7-4668-BE54-9A1E7A4F7556}") = "Focus.API", "Focus.API\Focus.API.csproj", "{917BBDE7-2BD8-4107-A564-C900EAC0D2E3}"
EndProject
Project("{9A19103F-16F7-4668-BE54-9A1E7A4F7556}") = "Focus.Shared", "Focus.Shared\Focus.Shared.csproj", "{C94E7052-C580-4182-8C52-AE56D32203C7}"
EndProject
Project("{9A19103F-16F7-4668-BE54-9A1E7A4F7556}") = "Focus.UI", "Focus.UI\Focus.UI.csproj", "{AFF766E9-FEEC-48F1-AE9B-5C3C2D3C1FFD}"
EndProject
Project("{2150E333-8FDC-42A3-9474-1A3956D46DE8}") = "src", "src", "{5C94C772-1FA7-4FE2-AEEA-1B1C439EB37D}"
EndProject
Global
	GlobalSection(SolutionConfigurationPlatforms) = preSolution
		Debug|Any CPU = Debug|Any CPU
		Release|Any CPU = Release|Any CPU
	EndGlobalSection
	GlobalSection(ProjectConfigurationPlatforms) = postSolution
		{917BBDE7-2BD8-4107-A564-C900EAC0D2E3}.Debug|Any CPU.ActiveCfg = Debug|Any CPU
		{917BBDE7-2BD8-4107-A564-C900EAC0D2E3}.Debug|Any CPU.Build.0 = Debug|Any CPU
		{917BBDE7-2BD8-4107-A564-C900EAC0D2E3}.Release|Any CPU.ActiveCfg = Release|Any CPU
		{917BBDE7-2BD8-4107-A564-C900EAC0D2E3}.Release|Any CPU.Build.0 = Release|Any CPU
		{C94E7052-C580-4182-8C52-AE56D32203C7}.Debug|Any CPU.ActiveCfg = Debug|Any CPU
		{C94E7052-C580-4182-8C52-AE56D32203C7}.Debug|Any CPU.Build.0 = Debug|Any CPU
		{C94E7052-C580-4182-8C52-AE56D32203C7}.Release|Any CPU.ActiveCfg = Release|Any CPU
		{C94E7052-C580-4182-8C52-AE56D32203C7}.Release|Any CPU.Build.0 = Release|Any CPU
		{AFF766E9-FEEC-48F1-AE9B-5C3C2D3C1FFD}.Debug|Any CPU.ActiveCfg = Debug|Any CPU
		{AFF766E9-FEEC-48F1-AE9B-5C3C2D3C1FFD}.Debug|Any CPU.Build.0 = Debug|Any CPU
		{AFF766E9-FEEC-48F1-AE9B-5C3C2D3C1FFD}.Release|Any CPU.ActiveCfg = Release|Any CPU
		{AFF766E9-FEEC-48F1-AE9B-5C3C2D3C1FFD}.Release|Any CPU.Build.0 = Release|Any CPU
	EndGlobalSection
	GlobalSection(SolutionProperties) = preSolution
		HideSolutionNode = FALSE
	EndGlobalSection
	GlobalSection(NestedProjects) = preSolution
		{917BBDE7-2BD8-4107-A564-C900EAC0D2E3} = {5C94C772-1FA7-4FE2-AEEA-1B1C439EB37D}
		{C94E7052-C580-4182-8C52-AE56D32203C7} = {5C94C772-1FA7-4FE2-AEEA-1B1C439EB37D}
		{AFF766E9-FEEC-48F1-AE9B-5C3C2D3C1FFD} = {5C94C772-1FA7-4FE2-AEEA-1B1C439EB37D}
	EndGlobalSection
	GlobalSection(ExtensibilityGlobals) = postSolution
		SolutionGuid = {332E1699-2527-49A3-8E79-223856C0853B}
	EndGlobalSection
EndGlobal
